
Microsoft Visual Studio Solution File, Format Version 12.00
# Visual Studio 15
VisualStudioVersion = 15.0.27130.2020
MinimumVisualStudioVersion = 10.0.40219.1
Project("{FAE04EC0-301F-11D3-BF4B-00C04F79EFBC}") = "QuizStudio", "QuizStudio\QuizStudio.csproj", "{8E798989-6506-45C9-873C-CC30F953B197}"
EndProject
Global
	GlobalSection(SolutionConfigurationPlatforms) = preSolution
		Debug|Any CPU = Debug|Any CPU
		Release|Any CPU = Release|Any CPU
	EndGlobalSection
	GlobalSection(ProjectConfigurationPlatforms) = postSolution
		{8E798989-6506-45C9-873C-CC30F953B197}.Debug|Any CPU.ActiveCfg = Debug|Any CPU
		{8E798989-6506-45C9-873C-CC30F953B197}.Debug|Any CPU.Build.0 = Debug|Any CPU
		{8E798989-6506-45C9-873C-CC30F953B197}.Release|Any CPU.ActiveCfg = Release|Any CPU
		{8E798989-6506-45C9-873C-CC30F953B197}.Release|Any CPU.Build.0 = Release|Any CPU
	EndGlobalSection
	GlobalSection(SolutionProperties) = preSolution
		HideSolutionNode = FALSE
	EndGlobalSection
	GlobalSection(ExtensibilityGlobals) = postSolution
		SolutionGuid = {1384B450-9393-4236-9D74-FC2BA8697167}
	EndGlobalSection
EndGlobal
